
Microsoft Visual Studio Solution File, Format Version 12.00
Project("{FAE04EC0-301F-11D3-BF4B-00C04F79EFBC}") = "ServerMotociclisti", "ServerMotociclisti\ServerMotociclisti.csproj", "{80D5913F-0E79-43FC-BFBE-DB59C3244191}"
EndProject
Global
	GlobalSection(SolutionConfigurationPlatforms) = preSolution
		Debug|Any CPU = Debug|Any CPU
		Release|Any CPU = Release|Any CPU
	EndGlobalSection
	GlobalSection(ProjectConfigurationPlatforms) = postSolution
		{80D5913F-0E79-43FC-BFBE-DB59C3244191}.Debug|Any CPU.ActiveCfg = Debug|Any CPU
		{80D5913F-0E79-43FC-BFBE-DB59C3244191}.Debug|Any CPU.Build.0 = Debug|Any CPU
		{80D5913F-0E79-43FC-BFBE-DB59C3244191}.Release|Any CPU.ActiveCfg = Release|Any CPU
		{80D5913F-0E79-43FC-BFBE-DB59C3244191}.Release|Any CPU.Build.0 = Release|Any CPU
	EndGlobalSection
EndGlobal
